
Microsoft Visual Studio Solution File, Format Version 12.00
# Visual Studio Version 17
VisualStudioVersion = 17.8.34322.80
MinimumVisualStudioVersion = 10.0.40219.1
Project("{F184B08F-C81C-45F6-A57F-5ABD9991F28F}") = "New Project Simple Interest Calculator Assessment", "New Project Simple Interest Calculator Assessment.vbproj", "{425DFC3C-C6F3-4D85-9071-7532A696E34E}"
EndProject
Global
	GlobalSection(SolutionConfigurationPlatforms) = preSolution
		Debug|Any CPU = Debug|Any CPU
		Release|Any CPU = Release|Any CPU
	EndGlobalSection
	GlobalSection(ProjectConfigurationPlatforms) = postSolution
		{425DFC3C-C6F3-4D85-9071-7532A696E34E}.Debug|Any CPU.ActiveCfg = Debug|Any CPU
		{425DFC3C-C6F3-4D85-9071-7532A696E34E}.Debug|Any CPU.Build.0 = Debug|Any CPU
		{425DFC3C-C6F3-4D85-9071-7532A696E34E}.Release|Any CPU.ActiveCfg = Release|Any CPU
		{425DFC3C-C6F3-4D85-9071-7532A696E34E}.Release|Any CPU.Build.0 = Release|Any CPU
	EndGlobalSection
	GlobalSection(SolutionProperties) = preSolution
		HideSolutionNode = FALSE
	EndGlobalSection
	GlobalSection(ExtensibilityGlobals) = postSolution
		SolutionGuid = {389D4274-7AB0-42A3-8C04-F39567E13D61}
	EndGlobalSection
EndGlobal
